releases:
    - name: bpm
      sha1: aff9f4397c931c7b9cdb992c62d3f3f629756198
      version: 1.2.12
      remote_source: bosh.io
      remote_path: https://bosh.io/d/github.com/cloudfoundry/bpm-release?v=1.2.12
    - name: hello-release
      sha1: 4b36827b8d9a7190b8a74657e7742f4415f50984
      version: 0.3.0
      remote_source: crhntr
      remote_path: https://github.com/crhntr/hello-release/releases/download/0.3.0/hello-release-0.3.0.tgz
stemcell_criteria:
    os: ubuntu-jammy
    version: "1.329"
